
Microsoft Visual Studio Solution File, Format Version 12.00
# Visual Studio Version 17
VisualStudioVersion = 17.13.35825.156
MinimumVisualStudioVersion = 10.0.40219.1
Project("{FAE04EC0-301F-11D3-BF4B-00C04F79EFBC}") = "m01_ArraysAndLists", "m01_ArraysAndLists.csproj", "{9EDD302A-CACA-48B8-9C05-C20582608955}"
EndProject
Project("{FAE04EC0-301F-11D3-BF4B-00C04F79EFBC}") = "m02_Iterations", "..\Iterations\m02_Iterations.csproj", "{40A01AE7-C80F-4E2E-8C43-DAE704DD6ABB}"
EndProject
Project("{FAE04EC0-301F-11D3-BF4B-00C04F79EFBC}") = "m02_IterationAssignment", "..\IterationAssignment\m02_IterationAssignment.csproj", "{3FEDB8F0-EE10-47E6-A0A4-79810FBC655B}"
EndProject
Project("{FAE04EC0-301F-11D3-BF4B-00C04F79EFBC}") = "m03_ExceptionHandling", "..\ExceptionHandling\m03_ExceptionHandling.csproj", "{DA599412-9D82-4798-AF03-6C60AB755702}"
EndProject
Project("{FAE04EC0-301F-11D3-BF4B-00C04F79EFBC}") = "m03_ExceptionHandlingAssignment", "..\ExceptionHandlingAssignment\m03_ExceptionHandlingAssignment.csproj", "{202C7782-97F9-4BC9-AF4E-7F44B4746302}"
EndProject
Project("{FAE04EC0-301F-11D3-BF4B-00C04F79EFBC}") = "TwentyOne", "..\m0303_TwentyOne\TwentyOne.csproj", "{C8E9EBF3-8709-4117-9D45-2767FB861FB3}"
EndProject
Project("{FAE04EC0-301F-11D3-BF4B-00C04F79EFBC}") = "m04_Assignments", "..\m0401CallingMethodAssignment\m04_Assignments.csproj", "{95FAEF6E-BEF9-4C65-8AE1-CBA9B1F37702}"
EndProject
Project("{FAE04EC0-301F-11D3-BF4B-00C04F79EFBC}") = "Submission01_MethodClassAssignment", "..\Submission01_MethodClassAssignment\Submission01_MethodClassAssignment.csproj", "{478D303E-9953-4765-8E93-6302687CAD08}"
EndProject
Project("{FAE04EC0-301F-11D3-BF4B-00C04F79EFBC}") = "m05_Assignments", "..\m05_Module_5_Assignments\m05_Assignments.csproj", "{8451D4A8-BBC5-41FD-96AF-23D9E9CEBE16}"
EndProject
Project("{FAE04EC0-301F-11D3-BF4B-00C04F79EFBC}") = "Submission02_Polymorphism", "..\Sumission02_Polymorphism\Submission02_Polymorphism.csproj", "{2175D84C-024D-4377-9908-21375EC61E2D}"
EndProject
Project("{FAE04EC0-301F-11D3-BF4B-00C04F79EFBC}") = "m06_Assignments", "..\m06_Assignments\m06_Assignments.csproj", "{FD1945E6-2A0A-4F3E-AC52-A1EAC189DF3E}"
EndProject
Project("{FAE04EC0-301F-11D3-BF4B-00C04F79EFBC}") = "Submission03_Operators", "..\Submission03_Operators\Submission03_Operators.csproj", "{83F84E4B-6C8C-4492-8C18-0BBE5D698ECF}"
EndProject
Global
	GlobalSection(SolutionConfigurationPlatforms) = preSolution
		Debug|Any CPU = Debug|Any CPU
		Release|Any CPU = Release|Any CPU
	EndGlobalSection
	GlobalSection(ProjectConfigurationPlatforms) = postSolution
		{9EDD302A-CACA-48B8-9C05-C20582608955}.Debug|Any CPU.ActiveCfg = Debug|Any CPU
		{9EDD302A-CACA-48B8-9C05-C20582608955}.Debug|Any CPU.Build.0 = Debug|Any CPU
		{9EDD302A-CACA-48B8-9C05-C20582608955}.Release|Any CPU.ActiveCfg = Release|Any CPU
		{9EDD302A-CACA-48B8-9C05-C20582608955}.Release|Any CPU.Build.0 = Release|Any CPU
		{40A01AE7-C80F-4E2E-8C43-DAE704DD6ABB}.Debug|Any CPU.ActiveCfg = Debug|Any CPU
		{40A01AE7-C80F-4E2E-8C43-DAE704DD6ABB}.Debug|Any CPU.Build.0 = Debug|Any CPU
		{40A01AE7-C80F-4E2E-8C43-DAE704DD6ABB}.Release|Any CPU.ActiveCfg = Release|Any CPU
		{40A01AE7-C80F-4E2E-8C43-DAE704DD6ABB}.Release|Any CPU.Build.0 = Release|Any CPU
		{3FEDB8F0-EE10-47E6-A0A4-79810FBC655B}.Debug|Any CPU.ActiveCfg = Debug|Any CPU
		{3FEDB8F0-EE10-47E6-A0A4-79810FBC655B}.Debug|Any CPU.Build.0 = Debug|Any CPU
		{3FEDB8F0-EE10-47E6-A0A4-79810FBC655B}.Release|Any CPU.ActiveCfg = Release|Any CPU
		{3FEDB8F0-EE10-47E6-A0A4-79810FBC655B}.Release|Any CPU.Build.0 = Release|Any CPU
		{DA599412-9D82-4798-AF03-6C60AB755702}.Debug|Any CPU.ActiveCfg = Debug|Any CPU
		{DA599412-9D82-4798-AF03-6C60AB755702}.Debug|Any CPU.Build.0 = Debug|Any CPU
		{DA599412-9D82-4798-AF03-6C60AB755702}.Release|Any CPU.ActiveCfg = Release|Any CPU
		{DA599412-9D82-4798-AF03-6C60AB755702}.Release|Any CPU.Build.0 = Release|Any CPU
		{202C7782-97F9-4BC9-AF4E-7F44B4746302}.Debug|Any CPU.ActiveCfg = Debug|Any CPU
		{202C7782-97F9-4BC9-AF4E-7F44B4746302}.Debug|Any CPU.Build.0 = Debug|Any CPU
		{202C7782-97F9-4BC9-AF4E-7F44B4746302}.Release|Any CPU.ActiveCfg = Release|Any CPU
		{202C7782-97F9-4BC9-AF4E-7F44B4746302}.Release|Any CPU.Build.0 = Release|Any CPU
		{C8E9EBF3-8709-4117-9D45-2767FB861FB3}.Debug|Any CPU.ActiveCfg = Debug|Any CPU
		{C8E9EBF3-8709-4117-9D45-2767FB861FB3}.Debug|Any CPU.Build.0 = Debug|Any CPU
		{C8E9EBF3-8709-4117-9D45-2767FB861FB3}.Release|Any CPU.ActiveCfg = Release|Any CPU
		{C8E9EBF3-8709-4117-9D45-2767FB861FB3}.Release|Any CPU.Build.0 = Release|Any CPU
		{95FAEF6E-BEF9-4C65-8AE1-CBA9B1F37702}.Debug|Any CPU.ActiveCfg = Debug|Any CPU
		{95FAEF6E-BEF9-4C65-8AE1-CBA9B1F37702}.Debug|Any CPU.Build.0 = Debug|Any CPU
		{95FAEF6E-BEF9-4C65-8AE1-CBA9B1F37702}.Release|Any CPU.ActiveCfg = Release|Any CPU
		{95FAEF6E-BEF9-4C65-8AE1-CBA9B1F37702}.Release|Any CPU.Build.0 = Release|Any CPU
		{478D303E-9953-4765-8E93-6302687CAD08}.Debug|Any CPU.ActiveCfg = Debug|Any CPU
		{478D303E-9953-4765-8E93-6302687CAD08}.Debug|Any CPU.Build.0 = Debug|Any CPU
		{478D303E-9953-4765-8E93-6302687CAD08}.Release|Any CPU.ActiveCfg = Release|Any CPU
		{478D303E-9953-4765-8E93-6302687CAD08}.Release|Any CPU.Build.0 = Release|Any CPU
		{8451D4A8-BBC5-41FD-96AF-23D9E9CEBE16}.Debug|Any CPU.ActiveCfg = Debug|Any CPU
		{8451D4A8-BBC5-41FD-96AF-23D9E9CEBE16}.Debug|Any CPU.Build.0 = Debug|Any CPU
		{8451D4A8-BBC5-41FD-96AF-23D9E9CEBE16}.Release|Any CPU.ActiveCfg = Release|Any CPU
		{8451D4A8-BBC5-41FD-96AF-23D9E9CEBE16}.Release|Any CPU.Build.0 = Release|Any CPU
		{2175D84C-024D-4377-9908-21375EC61E2D}.Debug|Any CPU.ActiveCfg = Debug|Any CPU
		{2175D84C-024D-4377-9908-21375EC61E2D}.Debug|Any CPU.Build.0 = Debug|Any CPU
		{2175D84C-024D-4377-9908-21375EC61E2D}.Release|Any CPU.ActiveCfg = Release|Any CPU
		{2175D84C-024D-4377-9908-21375EC61E2D}.Release|Any CPU.Build.0 = Release|Any CPU
		{FD1945E6-2A0A-4F3E-AC52-A1EAC189DF3E}.Debug|Any CPU.ActiveCfg = Debug|Any CPU
		{FD1945E6-2A0A-4F3E-AC52-A1EAC189DF3E}.Debug|Any CPU.Build.0 = Debug|Any CPU
		{FD1945E6-2A0A-4F3E-AC52-A1EAC189DF3E}.Release|Any CPU.ActiveCfg = Release|Any CPU
		{FD1945E6-2A0A-4F3E-AC52-A1EAC189DF3E}.Release|Any CPU.Build.0 = Release|Any CPU
		{83F84E4B-6C8C-4492-8C18-0BBE5D698ECF}.Debug|Any CPU.ActiveCfg = Debug|Any CPU
		{83F84E4B-6C8C-4492-8C18-0BBE5D698ECF}.Debug|Any CPU.Build.0 = Debug|Any CPU
		{83F84E4B-6C8C-4492-8C18-0BBE5D698ECF}.Release|Any CPU.ActiveCfg = Release|Any CPU
		{83F84E4B-6C8C-4492-8C18-0BBE5D698ECF}.Release|Any CPU.Build.0 = Release|Any CPU
	EndGlobalSection
	GlobalSection(SolutionProperties) = preSolution
		HideSolutionNode = FALSE
	EndGlobalSection
	GlobalSection(ExtensibilityGlobals) = postSolution
		SolutionGuid = {9698FEDA-24BE-4F36-96F4-29BCAE13D842}
	EndGlobalSection
EndGlobal
