
Microsoft Visual Studio Solution File, Format Version 12.00
# Visual Studio Version 17
VisualStudioVersion = 17.13.35825.156
MinimumVisualStudioVersion = 10.0.40219.1
Project("{FAE04EC0-301F-11D3-BF4B-00C04F79EFBC}") = "m0101ArraysAndLists", "m0101ArraysAndLists.csproj", "{9EDD302A-CACA-48B8-9C05-C20582608955}"
EndProject
Project("{FAE04EC0-301F-11D3-BF4B-00C04F79EFBC}") = "m0201Iterations", "..\Iterations\m0201Iterations.csproj", "{40A01AE7-C80F-4E2E-8C43-DAE704DD6ABB}"
EndProject
Project("{FAE04EC0-301F-11D3-BF4B-00C04F79EFBC}") = "m0202IterationAssignment", "..\IterationAssignment\m0202IterationAssignment.csproj", "{3FEDB8F0-EE10-47E6-A0A4-79810FBC655B}"
EndProject
Project("{FAE04EC0-301F-11D3-BF4B-00C04F79EFBC}") = "m0301ExceptionHandling", "..\ExceptionHandling\m0301ExceptionHandling.csproj", "{DA599412-9D82-4798-AF03-6C60AB755702}"
EndProject
Project("{FAE04EC0-301F-11D3-BF4B-00C04F79EFBC}") = "m0302ExceptionHandlingAssignment", "..\ExceptionHandlingAssignment\m0302ExceptionHandlingAssignment.csproj", "{202C7782-97F9-4BC9-AF4E-7F44B4746302}"
EndProject
Project("{FAE04EC0-301F-11D3-BF4B-00C04F79EFBC}") = "m0303TwentyOne", "..\m0303_TwentyOne\m0303TwentyOne.csproj", "{C8E9EBF3-8709-4117-9D45-2767FB861FB3}"
EndProject
Project("{FAE04EC0-301F-11D3-BF4B-00C04F79EFBC}") = "m0401Module4Assignments", "..\m0401CallingMethodAssignment\m0401Module4Assignments.csproj", "{95FAEF6E-BEF9-4C65-8AE1-CBA9B1F37702}"
EndProject
Project("{FAE04EC0-301F-11D3-BF4B-00C04F79EFBC}") = "Submission01_MethodClassAssignment", "..\Submission01_MethodClassAssignment\Submission01_MethodClassAssignment.csproj", "{478D303E-9953-4765-8E93-6302687CAD08}"
EndProject
Global
	GlobalSection(SolutionConfigurationPlatforms) = preSolution
		Debug|Any CPU = Debug|Any CPU
		Release|Any CPU = Release|Any CPU
	EndGlobalSection
	GlobalSection(ProjectConfigurationPlatforms) = postSolution
		{9EDD302A-CACA-48B8-9C05-C20582608955}.Debug|Any CPU.ActiveCfg = Debug|Any CPU
		{9EDD302A-CACA-48B8-9C05-C20582608955}.Debug|Any CPU.Build.0 = Debug|Any CPU
		{9EDD302A-CACA-48B8-9C05-C20582608955}.Release|Any CPU.ActiveCfg = Release|Any CPU
		{9EDD302A-CACA-48B8-9C05-C20582608955}.Release|Any CPU.Build.0 = Release|Any CPU
		{40A01AE7-C80F-4E2E-8C43-DAE704DD6ABB}.Debug|Any CPU.ActiveCfg = Debug|Any CPU
		{40A01AE7-C80F-4E2E-8C43-DAE704DD6ABB}.Debug|Any CPU.Build.0 = Debug|Any CPU
		{40A01AE7-C80F-4E2E-8C43-DAE704DD6ABB}.Release|Any CPU.ActiveCfg = Release|Any CPU
		{40A01AE7-C80F-4E2E-8C43-DAE704DD6ABB}.Release|Any CPU.Build.0 = Release|Any CPU
		{3FEDB8F0-EE10-47E6-A0A4-79810FBC655B}.Debug|Any CPU.ActiveCfg = Debug|Any CPU
		{3FEDB8F0-EE10-47E6-A0A4-79810FBC655B}.Debug|Any CPU.Build.0 = Debug|Any CPU
		{3FEDB8F0-EE10-47E6-A0A4-79810FBC655B}.Release|Any CPU.ActiveCfg = Release|Any CPU
		{3FEDB8F0-EE10-47E6-A0A4-79810FBC655B}.Release|Any CPU.Build.0 = Release|Any CPU
		{DA599412-9D82-4798-AF03-6C60AB755702}.Debug|Any CPU.ActiveCfg = Debug|Any CPU
		{DA599412-9D82-4798-AF03-6C60AB755702}.Debug|Any CPU.Build.0 = Debug|Any CPU
		{DA599412-9D82-4798-AF03-6C60AB755702}.Release|Any CPU.ActiveCfg = Release|Any CPU
		{DA599412-9D82-4798-AF03-6C60AB755702}.Release|Any CPU.Build.0 = Release|Any CPU
		{202C7782-97F9-4BC9-AF4E-7F44B4746302}.Debug|Any CPU.ActiveCfg = Debug|Any CPU
		{202C7782-97F9-4BC9-AF4E-7F44B4746302}.Debug|Any CPU.Build.0 = Debug|Any CPU
		{202C7782-97F9-4BC9-AF4E-7F44B4746302}.Release|Any CPU.ActiveCfg = Release|Any CPU
		{202C7782-97F9-4BC9-AF4E-7F44B4746302}.Release|Any CPU.Build.0 = Release|Any CPU
		{C8E9EBF3-8709-4117-9D45-2767FB861FB3}.Debug|Any CPU.ActiveCfg = Debug|Any CPU
		{C8E9EBF3-8709-4117-9D45-2767FB861FB3}.Debug|Any CPU.Build.0 = Debug|Any CPU
		{C8E9EBF3-8709-4117-9D45-2767FB861FB3}.Release|Any CPU.ActiveCfg = Release|Any CPU
		{C8E9EBF3-8709-4117-9D45-2767FB861FB3}.Release|Any CPU.Build.0 = Release|Any CPU
		{95FAEF6E-BEF9-4C65-8AE1-CBA9B1F37702}.Debug|Any CPU.ActiveCfg = Debug|Any CPU
		{95FAEF6E-BEF9-4C65-8AE1-CBA9B1F37702}.Debug|Any CPU.Build.0 = Debug|Any CPU
		{95FAEF6E-BEF9-4C65-8AE1-CBA9B1F37702}.Release|Any CPU.ActiveCfg = Release|Any CPU
		{95FAEF6E-BEF9-4C65-8AE1-CBA9B1F37702}.Release|Any CPU.Build.0 = Release|Any CPU
		{478D303E-9953-4765-8E93-6302687CAD08}.Debug|Any CPU.ActiveCfg = Debug|Any CPU
		{478D303E-9953-4765-8E93-6302687CAD08}.Debug|Any CPU.Build.0 = Debug|Any CPU
		{478D303E-9953-4765-8E93-6302687CAD08}.Release|Any CPU.ActiveCfg = Release|Any CPU
		{478D303E-9953-4765-8E93-6302687CAD08}.Release|Any CPU.Build.0 = Release|Any CPU
	EndGlobalSection
	GlobalSection(SolutionProperties) = preSolution
		HideSolutionNode = FALSE
	EndGlobalSection
	GlobalSection(ExtensibilityGlobals) = postSolution
		SolutionGuid = {9698FEDA-24BE-4F36-96F4-29BCAE13D842}
	EndGlobalSection
EndGlobal
