
Microsoft Visual Studio Solution File, Format Version 12.00
# Visual Studio Version 17
VisualStudioVersion = 17.13.35825.156
MinimumVisualStudioVersion = 10.0.40219.1
Project("{FAE04EC0-301F-11D3-BF4B-00C04F79EFBC}") = "ArraysAndLists", "ArraysAndLists.csproj", "{9EDD302A-CACA-48B8-9C05-C20582608955}"
EndProject
Project("{FAE04EC0-301F-11D3-BF4B-00C04F79EFBC}") = "Iterations", "..\Iterations\Iterations.csproj", "{40A01AE7-C80F-4E2E-8C43-DAE704DD6ABB}"
EndProject
Project("{FAE04EC0-301F-11D3-BF4B-00C04F79EFBC}") = "IterationAssignment", "..\IterationAssignment\IterationAssignment.csproj", "{3FEDB8F0-EE10-47E6-A0A4-79810FBC655B}"
EndProject
Project("{FAE04EC0-301F-11D3-BF4B-00C04F79EFBC}") = "ExceptionHandling", "..\ExceptionHandling\ExceptionHandling.csproj", "{DA599412-9D82-4798-AF03-6C60AB755702}"
EndProject
Project("{FAE04EC0-301F-11D3-BF4B-00C04F79EFBC}") = "ExceptionHandlingAssignment", "..\ExceptionHandlingAssignment\ExceptionHandlingAssignment.csproj", "{202C7782-97F9-4BC9-AF4E-7F44B4746302}"
EndProject
Global
	GlobalSection(SolutionConfigurationPlatforms) = preSolution
		Debug|Any CPU = Debug|Any CPU
		Release|Any CPU = Release|Any CPU
	EndGlobalSection
	GlobalSection(ProjectConfigurationPlatforms) = postSolution
		{9EDD302A-CACA-48B8-9C05-C20582608955}.Debug|Any CPU.ActiveCfg = Debug|Any CPU
		{9EDD302A-CACA-48B8-9C05-C20582608955}.Debug|Any CPU.Build.0 = Debug|Any CPU
		{9EDD302A-CACA-48B8-9C05-C20582608955}.Release|Any CPU.ActiveCfg = Release|Any CPU
		{9EDD302A-CACA-48B8-9C05-C20582608955}.Release|Any CPU.Build.0 = Release|Any CPU
		{40A01AE7-C80F-4E2E-8C43-DAE704DD6ABB}.Debug|Any CPU.ActiveCfg = Debug|Any CPU
		{40A01AE7-C80F-4E2E-8C43-DAE704DD6ABB}.Debug|Any CPU.Build.0 = Debug|Any CPU
		{40A01AE7-C80F-4E2E-8C43-DAE704DD6ABB}.Release|Any CPU.ActiveCfg = Release|Any CPU
		{40A01AE7-C80F-4E2E-8C43-DAE704DD6ABB}.Release|Any CPU.Build.0 = Release|Any CPU
		{3FEDB8F0-EE10-47E6-A0A4-79810FBC655B}.Debug|Any CPU.ActiveCfg = Debug|Any CPU
		{3FEDB8F0-EE10-47E6-A0A4-79810FBC655B}.Debug|Any CPU.Build.0 = Debug|Any CPU
		{3FEDB8F0-EE10-47E6-A0A4-79810FBC655B}.Release|Any CPU.ActiveCfg = Release|Any CPU
		{3FEDB8F0-EE10-47E6-A0A4-79810FBC655B}.Release|Any CPU.Build.0 = Release|Any CPU
		{DA599412-9D82-4798-AF03-6C60AB755702}.Debug|Any CPU.ActiveCfg = Debug|Any CPU
		{DA599412-9D82-4798-AF03-6C60AB755702}.Debug|Any CPU.Build.0 = Debug|Any CPU
		{DA599412-9D82-4798-AF03-6C60AB755702}.Release|Any CPU.ActiveCfg = Release|Any CPU
		{DA599412-9D82-4798-AF03-6C60AB755702}.Release|Any CPU.Build.0 = Release|Any CPU
		{202C7782-97F9-4BC9-AF4E-7F44B4746302}.Debug|Any CPU.ActiveCfg = Debug|Any CPU
		{202C7782-97F9-4BC9-AF4E-7F44B4746302}.Debug|Any CPU.Build.0 = Debug|Any CPU
		{202C7782-97F9-4BC9-AF4E-7F44B4746302}.Release|Any CPU.ActiveCfg = Release|Any CPU
		{202C7782-97F9-4BC9-AF4E-7F44B4746302}.Release|Any CPU.Build.0 = Release|Any CPU
	EndGlobalSection
	GlobalSection(SolutionProperties) = preSolution
		HideSolutionNode = FALSE
	EndGlobalSection
	GlobalSection(ExtensibilityGlobals) = postSolution
		SolutionGuid = {9698FEDA-24BE-4F36-96F4-29BCAE13D842}
	EndGlobalSection
EndGlobal
